
Microsoft Visual Studio Solution File, Format Version 12.00
# Visual Studio Version 16
VisualStudioVersion = 16.0.30717.126
MinimumVisualStudioVersion = 10.0.40219.1
Project("{9A19103F-16F7-4668-BE54-9A1E7A4F7556}") = "NakedORM", "NakedORM.csproj", "{F596B00A-D543-4A13-83AC-DB00B9E6359A}"
EndProject
Project("{9A19103F-16F7-4668-BE54-9A1E7A4F7556}") = "ILWheatBread", "..\ILWheatBread\ILWheatBread\ILWheatBread.csproj", "{CDA736B5-9FB9-42BD-8BCD-A1A74B750C7F}"
EndProject
Global
	GlobalSection(SolutionConfigurationPlatforms) = preSolution
		Debug|Any CPU = Debug|Any CPU
		Release|Any CPU = Release|Any CPU
	EndGlobalSection
	GlobalSection(ProjectConfigurationPlatforms) = postSolution
		{F596B00A-D543-4A13-83AC-DB00B9E6359A}.Debug|Any CPU.ActiveCfg = Debug|Any CPU
		{F596B00A-D543-4A13-83AC-DB00B9E6359A}.Debug|Any CPU.Build.0 = Debug|Any CPU
		{F596B00A-D543-4A13-83AC-DB00B9E6359A}.Release|Any CPU.ActiveCfg = Release|Any CPU
		{F596B00A-D543-4A13-83AC-DB00B9E6359A}.Release|Any CPU.Build.0 = Release|Any CPU
		{CDA736B5-9FB9-42BD-8BCD-A1A74B750C7F}.Debug|Any CPU.ActiveCfg = Debug|Any CPU
		{CDA736B5-9FB9-42BD-8BCD-A1A74B750C7F}.Debug|Any CPU.Build.0 = Debug|Any CPU
		{CDA736B5-9FB9-42BD-8BCD-A1A74B750C7F}.Release|Any CPU.ActiveCfg = Release|Any CPU
		{CDA736B5-9FB9-42BD-8BCD-A1A74B750C7F}.Release|Any CPU.Build.0 = Release|Any CPU
	EndGlobalSection
	GlobalSection(SolutionProperties) = preSolution
		HideSolutionNode = FALSE
	EndGlobalSection
	GlobalSection(ExtensibilityGlobals) = postSolution
		SolutionGuid = {0FBAB42A-7173-4A7D-9B5C-1A2BD1176D33}
	EndGlobalSection
EndGlobal
